<?xml version="1.0" encoding="utf-8"?>
<Project ToolsVersion="4.0" xmlns="http://schemas.microsoft.com/developer/msbuild/2003">
  <ItemGroup>
    <Filter Include="Source Files">
      <UniqueIdentifier>{4FC737F1-C7A5-4376-A066-2A32D752A2FF}</UniqueIdentifier>
      <Extensions>cpp;c;cc;cxx;def;odl;idl;hpj;bat;asm;asmx</Extensions>
    </Filter>
    <Filter Include="Header Files">
      <UniqueIdentifier>{93995380-89BD-4b04-88EB-625FBE52EBFB}</UniqueIdentifier>
      <Extensions>h;hh;hpp;hxx;hm;inl;inc;xsd</Extensions>
    </Filter>
    <Filter Include="Resource Files">
      <UniqueIdentifier>{67DA6AB6-F800-4c08-8B7A-83BB121AAD01}</UniqueIdentifier>
      <Extensions>rc;ico;cur;bmp;dlg;rc2;rct;bin;rgs;gif;jpg;jpeg;jpe;resx;tiff;tif;png;wav;mfcribbon-ms</Extensions>
    </Filter>
  </ItemGroup>
  <ItemGroup>
    <None Include="D:\3D Printers\Firmware\Marlin-Release\Marlin\Makefile" />
    <None Include="D:\3D Printers\Firmware\Marlin-Release\Marlin\Marlin.pde" />
    <None Include="D:\3D Printers\Firmware\Marlin-Release\Marlin\MarlinFirmware.ino" />
  </ItemGroup>
  <ItemGroup>
    <ClInclude Include="Visual Micro\.MarlinFirmware.vsarduino.h">
      <Filter>Header Files</Filter>
    </ClInclude>
    <ClInclude Include="D:\3D Printers\Firmware\Marlin-Release\Marlin\language_ru.h">
      <Filter>Header Files</Filter>
    </ClInclude>
    <ClInclude Include="D:\3D Printers\Firmware\Marlin-Release\Marlin\language.h">
      <Filter>Header Files</Filter>
    </ClInclude>
    <ClInclude Include="D:\3D Printers\Firmware\Marlin-Release\Marlin\language_an.h">
      <Filter>Header Files</Filter>
    </ClInclude>
    <ClInclude Include="D:\3D Printers\Firmware\Marlin-Release\Marlin\language_ca.h">
      <Filter>Header Files</Filter>
    </ClInclude>
    <ClInclude Include="D:\3D Printers\Firmware\Marlin-Release\Marlin\language_de.h">
      <Filter>Header Files</Filter>
    </ClInclude>
    <ClInclude Include="D:\3D Printers\Firmware\Marlin-Release\Marlin\language_en.h">
      <Filter>Header Files</Filter>
    </ClInclude>
    <ClInclude Include="D:\3D Printers\Firmware\Marlin-Release\Marlin\language_es.h">
      <Filter>Header Files</Filter>
    </ClInclude>
    <ClInclude Include="D:\3D Printers\Firmware\Marlin-Release\Marlin\language_eu.h">
      <Filter>Header Files</Filter>
    </ClInclude>
    <ClInclude Include="D:\3D Printers\Firmware\Marlin-Release\Marlin\language_fi.h">
      <Filter>Header Files</Filter>
    </ClInclude>
    <ClInclude Include="D:\3D Printers\Firmware\Marlin-Release\Marlin\language_fr.h">
      <Filter>Header Files</Filter>
    </ClInclude>
    <ClInclude Include="D:\3D Printers\Firmware\Marlin-Release\Marlin\language_it.h">
      <Filter>Header Files</Filter>
    </ClInclude>
    <ClInclude Include="D:\3D Printers\Firmware\Marlin-Release\Marlin\language_nl.h">
      <Filter>Header Files</Filter>
    </ClInclude>
    <ClInclude Include="D:\3D Printers\Firmware\Marlin-Release\Marlin\language_pl.h">
      <Filter>Header Files</Filter>
    </ClInclude>
    <ClInclude Include="D:\3D Printers\Firmware\Marlin-Release\Marlin\language_pt.h">
      <Filter>Header Files</Filter>
    </ClInclude>
    <ClInclude Include="D:\3D Printers\Firmware\Marlin-Release\Marlin\LiquidCrystalRus.h">
      <Filter>Header Files</Filter>
    </ClInclude>
    <ClInclude Include="D:\3D Printers\Firmware\Marlin-Release\Marlin\dogm_font_data_marlin.h">
      <Filter>Header Files</Filter>
    </ClInclude>
    <ClInclude Include="D:\3D Printers\Firmware\Marlin-Release\Marlin\dogm_lcd_implementation.h">
      <Filter>Header Files</Filter>
    </ClInclude>
    <ClInclude Include="D:\3D Printers\Firmware\Marlin-Release\Marlin\DOGMbitmaps.h">
      <Filter>Header Files</Filter>
    </ClInclude>
    <ClInclude Include="D:\3D Printers\Firmware\Marlin-Release\Marlin\fastio.h">
      <Filter>Header Files</Filter>
    </ClInclude>
    <ClInclude Include="D:\3D Printers\Firmware\Marlin-Release\Marlin\cardreader.h">
      <Filter>Header Files</Filter>
    </ClInclude>
    <ClInclude Include="D:\3D Printers\Firmware\Marlin-Release\Marlin\Configuration.h">
      <Filter>Header Files</Filter>
    </ClInclude>
    <ClInclude Include="D:\3D Printers\Firmware\Marlin-Release\Marlin\Configuration_adv.h">
      <Filter>Header Files</Filter>
    </ClInclude>
    <ClInclude Include="D:\3D Printers\Firmware\Marlin-Release\Marlin\ConfigurationStore.h">
      <Filter>Header Files</Filter>
    </ClInclude>
    <ClInclude Include="D:\3D Printers\Firmware\Marlin-Release\Marlin\BlinkM.h">
      <Filter>Header Files</Filter>
    </ClInclude>
    <ClInclude Include="D:\3D Printers\Firmware\Marlin-Release\Marlin\boards.h">
      <Filter>Header Files</Filter>
    </ClInclude>
    <ClInclude Include="D:\3D Printers\Firmware\Marlin-Release\Marlin\watchdog.h">
      <Filter>Header Files</Filter>
    </ClInclude>
    <ClInclude Include="D:\3D Printers\Firmware\Marlin-Release\Marlin\stepper.h">
      <Filter>Header Files</Filter>
    </ClInclude>
    <ClInclude Include="D:\3D Printers\Firmware\Marlin-Release\Marlin\temperature.h">
      <Filter>Header Files</Filter>
    </ClInclude>
    <ClInclude Include="D:\3D Printers\Firmware\Marlin-Release\Marlin\thermistortables.h">
      <Filter>Header Files</Filter>
    </ClInclude>
    <ClInclude Include="D:\3D Printers\Firmware\Marlin-Release\Marlin\ultralcd.h">
      <Filter>Header Files</Filter>
    </ClInclude>
    <ClInclude Include="D:\3D Printers\Firmware\Marlin-Release\Marlin\ultralcd_implementation_hitachi_HD44780.h">
      <Filter>Header Files</Filter>
    </ClInclude>
    <ClInclude Include="D:\3D Printers\Firmware\Marlin-Release\Marlin\ultralcd_st7920_u8glib_rrd.h">
      <Filter>Header Files</Filter>
    </ClInclude>
    <ClInclude Include="D:\3D Printers\Firmware\Marlin-Release\Marlin\vector_3.h">
      <Filter>Header Files</Filter>
    </ClInclude>
    <ClInclude Include="D:\3D Printers\Firmware\Marlin-Release\Marlin\Sd2Card.h">
      <Filter>Header Files</Filter>
    </ClInclude>
    <ClInclude Include="D:\3D Printers\Firmware\Marlin-Release\Marlin\Sd2PinMap.h">
      <Filter>Header Files</Filter>
    </ClInclude>
    <ClInclude Include="D:\3D Printers\Firmware\Marlin-Release\Marlin\SdBaseFile.h">
      <Filter>Header Files</Filter>
    </ClInclude>
    <ClInclude Include="D:\3D Printers\Firmware\Marlin-Release\Marlin\SdFatConfig.h">
      <Filter>Header Files</Filter>
    </ClInclude>
    <ClInclude Include="D:\3D Printers\Firmware\Marlin-Release\Marlin\SdFatStructs.h">
      <Filter>Header Files</Filter>
    </ClInclude>
    <ClInclude Include="D:\3D Printers\Firmware\Marlin-Release\Marlin\SdFatUtil.h">
      <Filter>Header Files</Filter>
    </ClInclude>
    <ClInclude Include="D:\3D Printers\Firmware\Marlin-Release\Marlin\SdFile.h">
      <Filter>Header Files</Filter>
    </ClInclude>
    <ClInclude Include="D:\3D Printers\Firmware\Marlin-Release\Marlin\SdInfo.h">
      <Filter>Header Files</Filter>
    </ClInclude>
    <ClInclude Include="D:\3D Printers\Firmware\Marlin-Release\Marlin\SdVolume.h">
      <Filter>Header Files</Filter>
    </ClInclude>
    <ClInclude Include="D:\3D Printers\Firmware\Marlin-Release\Marlin\Servo.h">
      <Filter>Header Files</Filter>
    </ClInclude>
    <ClInclude Include="D:\3D Printers\Firmware\Marlin-Release\Marlin\speed_lookuptable.h">
      <Filter>Header Files</Filter>
    </ClInclude>
    <ClInclude Include="D:\3D Printers\Firmware\Marlin-Release\Marlin\motion_control.h">
      <Filter>Header Files</Filter>
    </ClInclude>
    <ClInclude Include="D:\3D Printers\Firmware\Marlin-Release\Marlin\pins.h">
      <Filter>Header Files</Filter>
    </ClInclude>
    <ClInclude Include="D:\3D Printers\Firmware\Marlin-Release\Marlin\planner.h">
      <Filter>Header Files</Filter>
    </ClInclude>
    <ClInclude Include="D:\3D Printers\Firmware\Marlin-Release\Marlin\qr_solve.h">
      <Filter>Header Files</Filter>
    </ClInclude>
    <ClInclude Include="D:\3D Printers\Firmware\Marlin-Release\Marlin\Marlin.h">
      <Filter>Header Files</Filter>
    </ClInclude>
    <ClInclude Include="D:\3D Printers\Firmware\Marlin-Release\Marlin\MarlinSerial.h">
      <Filter>Header Files</Filter>
    </ClInclude>
    <ClInclude Include="Visual Micro\.Marlin.vsarduino.h">
      <Filter>Header Files</Filter>
    </ClInclude>
  </ItemGroup>
  <ItemGroup>
    <ClCompile Include="D:\3D Printers\Firmware\Marlin-Release\Marlin\LiquidCrystalRus.cpp">
      <Filter>Source Files</Filter>
    </ClCompile>
    <ClCompile Include="D:\3D Printers\Firmware\Marlin-Release\Marlin\digipot_mcp4451.cpp">
      <Filter>Source Files</Filter>
    </ClCompile>
    <ClCompile Include="D:\3D Printers\Firmware\Marlin-Release\Marlin\cardreader.cpp">
      <Filter>Source Files</Filter>
    </ClCompile>
    <ClCompile Include="D:\3D Printers\Firmware\Marlin-Release\Marlin\ConfigurationStore.cpp">
      <Filter>Source Files</Filter>
    </ClCompile>
    <ClCompile Include="D:\3D Printers\Firmware\Marlin-Release\Marlin\BlinkM.cpp">
      <Filter>Source Files</Filter>
    </ClCompile>
    <ClCompile Include="D:\3D Printers\Firmware\Marlin-Release\Marlin\stepper.cpp">
      <Filter>Source Files</Filter>
    </ClCompile>
    <ClCompile Include="D:\3D Printers\Firmware\Marlin-Release\Marlin\temperature.cpp">
      <Filter>Source Files</Filter>
    </ClCompile>
    <ClCompile Include="D:\3D Printers\Firmware\Marlin-Release\Marlin\ultralcd.cpp">
      <Filter>Source Files</Filter>
    </ClCompile>
    <ClCompile Include="D:\3D Printers\Firmware\Marlin-Release\Marlin\vector_3.cpp">
      <Filter>Source Files</Filter>
    </ClCompile>
    <ClCompile Include="D:\3D Printers\Firmware\Marlin-Release\Marlin\watchdog.cpp">
      <Filter>Source Files</Filter>
    </ClCompile>
    <ClCompile Include="D:\3D Printers\Firmware\Marlin-Release\Marlin\Sd2Card.cpp">
      <Filter>Source Files</Filter>
    </ClCompile>
    <ClCompile Include="D:\3D Printers\Firmware\Marlin-Release\Marlin\SdBaseFile.cpp">
      <Filter>Source Files</Filter>
    </ClCompile>
    <ClCompile Include="D:\3D Printers\Firmware\Marlin-Release\Marlin\SdFatUtil.cpp">
      <Filter>Source Files</Filter>
    </ClCompile>
    <ClCompile Include="D:\3D Printers\Firmware\Marlin-Release\Marlin\SdFile.cpp">
      <Filter>Source Files</Filter>
    </ClCompile>
    <ClCompile Include="D:\3D Printers\Firmware\Marlin-Release\Marlin\SdVolume.cpp">
      <Filter>Source Files</Filter>
    </ClCompile>
    <ClCompile Include="D:\3D Printers\Firmware\Marlin-Release\Marlin\Servo.cpp">
      <Filter>Source Files</Filter>
    </ClCompile>
    <ClCompile Include="D:\3D Printers\Firmware\Marlin-Release\Marlin\motion_control.cpp">
      <Filter>Source Files</Filter>
    </ClCompile>
    <ClCompile Include="D:\3D Printers\Firmware\Marlin-Release\Marlin\planner.cpp">
      <Filter>Source Files</Filter>
    </ClCompile>
    <ClCompile Include="D:\3D Printers\Firmware\Marlin-Release\Marlin\qr_solve.cpp">
      <Filter>Source Files</Filter>
    </ClCompile>
    <ClCompile Include="D:\3D Printers\Firmware\Marlin-Release\Marlin\Marlin_main.cpp">
      <Filter>Source Files</Filter>
    </ClCompile>
    <ClCompile Include="D:\3D Printers\Firmware\Marlin-Release\Marlin\MarlinSerial.cpp">
      <Filter>Source Files</Filter>
    </ClCompile>
  </ItemGroup>
</Project>